
Microsoft Visual Studio Solution File, Format Version 12.00
# Visual Studio Version 17
VisualStudioVersion = 17.6.33829.357
MinimumVisualStudioVersion = 10.0.40219.1
Project("{9A19103F-16F7-4668-BE54-9A1E7A4F7556}") = "WEB", "Property Control System\WEB.csproj", "{74ABA2AF-676F-4CDC-919B-6FABC140384E}"
EndProject
Project("{9A19103F-16F7-4668-BE54-9A1E7A4F7556}") = "DAL", "DAL\DAL.csproj", "{3678FFB2-A28D-440C-B921-683C28B4F487}"
EndProject
Project("{9A19103F-16F7-4668-BE54-9A1E7A4F7556}") = "DAL.TESTS", "DAL.TESTS\DAL.TESTS.csproj", "{C47922A4-40ED-463F-95DA-0EA90615D06D}"
EndProject
Project("{9A19103F-16F7-4668-BE54-9A1E7A4F7556}") = "CCL", "CCL\CCL.csproj", "{DEB5BC6B-A03E-4440-B2E0-58B76D42FA8C}"
EndProject
Project("{9A19103F-16F7-4668-BE54-9A1E7A4F7556}") = "BLL", "BLL\BLL.csproj", "{8505FEA8-110E-4BF6-A165-8E26DF9091F0}"
EndProject
Project("{FAE04EC0-301F-11D3-BF4B-00C04F79EFBC}") = "BLL.TESTS", "BLL.TESTS\BLL.TESTS.csproj", "{AE6C2989-C334-4E8A-8001-01F87381E8CB}"
EndProject
Global
	GlobalSection(SolutionConfigurationPlatforms) = preSolution
		Debug|Any CPU = Debug|Any CPU
		Release|Any CPU = Release|Any CPU
	EndGlobalSection
	GlobalSection(ProjectConfigurationPlatforms) = postSolution
		{74ABA2AF-676F-4CDC-919B-6FABC140384E}.Debug|Any CPU.ActiveCfg = Debug|Any CPU
		{74ABA2AF-676F-4CDC-919B-6FABC140384E}.Debug|Any CPU.Build.0 = Debug|Any CPU
		{74ABA2AF-676F-4CDC-919B-6FABC140384E}.Release|Any CPU.ActiveCfg = Release|Any CPU
		{74ABA2AF-676F-4CDC-919B-6FABC140384E}.Release|Any CPU.Build.0 = Release|Any CPU
		{3678FFB2-A28D-440C-B921-683C28B4F487}.Debug|Any CPU.ActiveCfg = Debug|Any CPU
		{3678FFB2-A28D-440C-B921-683C28B4F487}.Debug|Any CPU.Build.0 = Debug|Any CPU
		{3678FFB2-A28D-440C-B921-683C28B4F487}.Release|Any CPU.ActiveCfg = Release|Any CPU
		{3678FFB2-A28D-440C-B921-683C28B4F487}.Release|Any CPU.Build.0 = Release|Any CPU
		{C47922A4-40ED-463F-95DA-0EA90615D06D}.Debug|Any CPU.ActiveCfg = Debug|Any CPU
		{C47922A4-40ED-463F-95DA-0EA90615D06D}.Debug|Any CPU.Build.0 = Debug|Any CPU
		{C47922A4-40ED-463F-95DA-0EA90615D06D}.Release|Any CPU.ActiveCfg = Release|Any CPU
		{C47922A4-40ED-463F-95DA-0EA90615D06D}.Release|Any CPU.Build.0 = Release|Any CPU
		{DEB5BC6B-A03E-4440-B2E0-58B76D42FA8C}.Debug|Any CPU.ActiveCfg = Debug|Any CPU
		{DEB5BC6B-A03E-4440-B2E0-58B76D42FA8C}.Debug|Any CPU.Build.0 = Debug|Any CPU
		{DEB5BC6B-A03E-4440-B2E0-58B76D42FA8C}.Release|Any CPU.ActiveCfg = Release|Any CPU
		{DEB5BC6B-A03E-4440-B2E0-58B76D42FA8C}.Release|Any CPU.Build.0 = Release|Any CPU
		{8505FEA8-110E-4BF6-A165-8E26DF9091F0}.Debug|Any CPU.ActiveCfg = Debug|Any CPU
		{8505FEA8-110E-4BF6-A165-8E26DF9091F0}.Debug|Any CPU.Build.0 = Debug|Any CPU
		{8505FEA8-110E-4BF6-A165-8E26DF9091F0}.Release|Any CPU.ActiveCfg = Release|Any CPU
		{8505FEA8-110E-4BF6-A165-8E26DF9091F0}.Release|Any CPU.Build.0 = Release|Any CPU
		{AE6C2989-C334-4E8A-8001-01F87381E8CB}.Debug|Any CPU.ActiveCfg = Debug|Any CPU
		{AE6C2989-C334-4E8A-8001-01F87381E8CB}.Debug|Any CPU.Build.0 = Debug|Any CPU
		{AE6C2989-C334-4E8A-8001-01F87381E8CB}.Release|Any CPU.ActiveCfg = Release|Any CPU
		{AE6C2989-C334-4E8A-8001-01F87381E8CB}.Release|Any CPU.Build.0 = Release|Any CPU
	EndGlobalSection
	GlobalSection(SolutionProperties) = preSolution
		HideSolutionNode = FALSE
	EndGlobalSection
	GlobalSection(ExtensibilityGlobals) = postSolution
		SolutionGuid = {8D4088BE-E35C-48B9-9B99-1AFC2CB204A2}
	EndGlobalSection
EndGlobal
